
Microsoft Visual Studio Solution File, Format Version 12.00
# Visual Studio Version 17
VisualStudioVersion = 17.3.32922.545
MinimumVisualStudioVersion = 10.0.40219.1
Project("{9A19103F-16F7-4668-BE54-9A1E7A4F7556}") = "OOP Basic", "OOP Basic\OOP Basic.csproj", "{2E7C1F07-D9EB-4A93-A0FA-BA8B39F5CB42}"
EndProject
Project("{9A19103F-16F7-4668-BE54-9A1E7A4F7556}") = "AccessModifierInheritance", "AccessModifierInheritance\AccessModifierInheritance.csproj", "{64534F05-C158-46D9-9B17-65E8D0C0B66A}"
EndProject
Project("{FAE04EC0-301F-11D3-BF4B-00C04F79EFBC}") = "Interface", "Interface\Interface.csproj", "{29221454-89EB-4FED-964B-B77961D30049}"
EndProject
Global
	GlobalSection(SolutionConfigurationPlatforms) = preSolution
		Debug|Any CPU = Debug|Any CPU
		Release|Any CPU = Release|Any CPU
	EndGlobalSection
	GlobalSection(ProjectConfigurationPlatforms) = postSolution
		{2E7C1F07-D9EB-4A93-A0FA-BA8B39F5CB42}.Debug|Any CPU.ActiveCfg = Debug|Any CPU
		{2E7C1F07-D9EB-4A93-A0FA-BA8B39F5CB42}.Debug|Any CPU.Build.0 = Debug|Any CPU
		{2E7C1F07-D9EB-4A93-A0FA-BA8B39F5CB42}.Release|Any CPU.ActiveCfg = Release|Any CPU
		{2E7C1F07-D9EB-4A93-A0FA-BA8B39F5CB42}.Release|Any CPU.Build.0 = Release|Any CPU
		{64534F05-C158-46D9-9B17-65E8D0C0B66A}.Debug|Any CPU.ActiveCfg = Debug|Any CPU
		{64534F05-C158-46D9-9B17-65E8D0C0B66A}.Debug|Any CPU.Build.0 = Debug|Any CPU
		{64534F05-C158-46D9-9B17-65E8D0C0B66A}.Release|Any CPU.ActiveCfg = Release|Any CPU
		{64534F05-C158-46D9-9B17-65E8D0C0B66A}.Release|Any CPU.Build.0 = Release|Any CPU
		{29221454-89EB-4FED-964B-B77961D30049}.Debug|Any CPU.ActiveCfg = Debug|Any CPU
		{29221454-89EB-4FED-964B-B77961D30049}.Debug|Any CPU.Build.0 = Debug|Any CPU
		{29221454-89EB-4FED-964B-B77961D30049}.Release|Any CPU.ActiveCfg = Release|Any CPU
		{29221454-89EB-4FED-964B-B77961D30049}.Release|Any CPU.Build.0 = Release|Any CPU
	EndGlobalSection
	GlobalSection(SolutionProperties) = preSolution
		HideSolutionNode = FALSE
	EndGlobalSection
	GlobalSection(ExtensibilityGlobals) = postSolution
		SolutionGuid = {8E7C0313-B972-4E0A-A6D2-C0D61B79EA96}
	EndGlobalSection
EndGlobal
