
Microsoft Visual Studio Solution File, Format Version 12.00
# Visual Studio Version 17
VisualStudioVersion = 17.4.33103.184
MinimumVisualStudioVersion = 10.0.40219.1
Project("{FAE04EC0-301F-11D3-BF4B-00C04F79EFBC}") = "EntityFrameworkExample", "EntityFrameworkExample\EntityFrameworkExample.csproj", "{DE767EB4-F050-4273-8AF6-79B2C6DFA1D0}"
EndProject
Global
	GlobalSection(SolutionConfigurationPlatforms) = preSolution
		Debug|Any CPU = Debug|Any CPU
		Release|Any CPU = Release|Any CPU
	EndGlobalSection
	GlobalSection(ProjectConfigurationPlatforms) = postSolution
		{DE767EB4-F050-4273-8AF6-79B2C6DFA1D0}.Debug|Any CPU.ActiveCfg = Debug|Any CPU
		{DE767EB4-F050-4273-8AF6-79B2C6DFA1D0}.Debug|Any CPU.Build.0 = Debug|Any CPU
		{DE767EB4-F050-4273-8AF6-79B2C6DFA1D0}.Release|Any CPU.ActiveCfg = Release|Any CPU
		{DE767EB4-F050-4273-8AF6-79B2C6DFA1D0}.Release|Any CPU.Build.0 = Release|Any CPU
	EndGlobalSection
	GlobalSection(SolutionProperties) = preSolution
		HideSolutionNode = FALSE
	EndGlobalSection
	GlobalSection(ExtensibilityGlobals) = postSolution
		SolutionGuid = {BD7989D5-5E19-4429-A709-7558EE554F89}
	EndGlobalSection
EndGlobal
