
Microsoft Visual Studio Solution File, Format Version 12.00
# Visual Studio Version 17
VisualStudioVersion = 17.4.33103.184
MinimumVisualStudioVersion = 10.0.40219.1
Project("{9A19103F-16F7-4668-BE54-9A1E7A4F7556}") = "StudentAttendanceSystem", "StudentAttendanceSystem\StudentAttendanceSystem.csproj", "{6D933E98-ED01-49F7-9716-33C218E0842B}"
EndProject
Global
	GlobalSection(SolutionConfigurationPlatforms) = preSolution
		Debug|Any CPU = Debug|Any CPU
		Release|Any CPU = Release|Any CPU
	EndGlobalSection
	GlobalSection(ProjectConfigurationPlatforms) = postSolution
		{6D933E98-ED01-49F7-9716-33C218E0842B}.Debug|Any CPU.ActiveCfg = Debug|Any CPU
		{6D933E98-ED01-49F7-9716-33C218E0842B}.Debug|Any CPU.Build.0 = Debug|Any CPU
		{6D933E98-ED01-49F7-9716-33C218E0842B}.Release|Any CPU.ActiveCfg = Release|Any CPU
		{6D933E98-ED01-49F7-9716-33C218E0842B}.Release|Any CPU.Build.0 = Release|Any CPU
	EndGlobalSection
	GlobalSection(SolutionProperties) = preSolution
		HideSolutionNode = FALSE
	EndGlobalSection
	GlobalSection(ExtensibilityGlobals) = postSolution
		SolutionGuid = {41C3A6A5-095C-4894-BEDE-B2ACDE1C11D5}
	EndGlobalSection
EndGlobal
