
Microsoft Visual Studio Solution File, Format Version 12.00
# Visual Studio Version 17
VisualStudioVersion = 17.3.32922.545
MinimumVisualStudioVersion = 10.0.40219.1
Project("{FAE04EC0-301F-11D3-BF4B-00C04F79EFBC}") = "ArrayExample", "ArrayExample\ArrayExample.csproj", "{35359810-1F37-42FC-BC04-A6382C9AFAC4}"
EndProject
Global
	GlobalSection(SolutionConfigurationPlatforms) = preSolution
		Debug|Any CPU = Debug|Any CPU
		Release|Any CPU = Release|Any CPU
	EndGlobalSection
	GlobalSection(ProjectConfigurationPlatforms) = postSolution
		{35359810-1F37-42FC-BC04-A6382C9AFAC4}.Debug|Any CPU.ActiveCfg = Debug|Any CPU
		{35359810-1F37-42FC-BC04-A6382C9AFAC4}.Debug|Any CPU.Build.0 = Debug|Any CPU
		{35359810-1F37-42FC-BC04-A6382C9AFAC4}.Release|Any CPU.ActiveCfg = Release|Any CPU
		{35359810-1F37-42FC-BC04-A6382C9AFAC4}.Release|Any CPU.Build.0 = Release|Any CPU
	EndGlobalSection
	GlobalSection(SolutionProperties) = preSolution
		HideSolutionNode = FALSE
	EndGlobalSection
	GlobalSection(ExtensibilityGlobals) = postSolution
		SolutionGuid = {24F4487E-BEB6-4A4A-A463-F9E9968B04BE}
	EndGlobalSection
EndGlobal
