
Microsoft Visual Studio Solution File, Format Version 12.00
# Visual Studio Version 17
VisualStudioVersion = 17.3.32922.545
MinimumVisualStudioVersion = 10.0.40219.1
Project("{9A19103F-16F7-4668-BE54-9A1E7A4F7556}") = "443A", "443A\443A.csproj", "{C4510060-5D35-4BAC-8668-8729A62090DE}"
EndProject
Project("{9A19103F-16F7-4668-BE54-9A1E7A4F7556}") = "112A", "112A\112A.csproj", "{CD84DAE0-ADF8-4635-94E5-7A7596C9F070}"
EndProject
Project("{9A19103F-16F7-4668-BE54-9A1E7A4F7556}") = "996A", "996A\996A.csproj", "{A412608F-F6B8-4CD6-81E5-09C7F3588099}"
EndProject
Project("{9A19103F-16F7-4668-BE54-9A1E7A4F7556}") = "1154A", "1154A\1154A.csproj", "{1048AE56-265A-4D12-BD2A-E6F643FE493A}"
EndProject
Project("{9A19103F-16F7-4668-BE54-9A1E7A4F7556}") = "116A", "116A\116A.csproj", "{5EF89EEF-AA38-4444-9DA5-248BF94E4E02}"
EndProject
Project("{9A19103F-16F7-4668-BE54-9A1E7A4F7556}") = "1328A", "1328A\1328A.csproj", "{27693840-1804-4A86-9040-227E265783D1}"
EndProject
Project("{9A19103F-16F7-4668-BE54-9A1E7A4F7556}") = "1335A", "1335A\1335A.csproj", "{D7B16287-0805-432C-8C72-999789AE0614}"
EndProject
Project("{9A19103F-16F7-4668-BE54-9A1E7A4F7556}") = "1343B", "1343B\1343B.csproj", "{7FEEE63F-FF6E-429A-983B-70EC4DD17655}"
EndProject
Project("{9A19103F-16F7-4668-BE54-9A1E7A4F7556}") = "1352A", "1352A\1352A.csproj", "{830BC78B-2AA0-47D3-A8C5-8938D1B76175}"
EndProject
Project("{9A19103F-16F7-4668-BE54-9A1E7A4F7556}") = "1367A", "1367A\1367A.csproj", "{245A77A7-47A8-4212-9686-E8695A252747}"
EndProject
Project("{9A19103F-16F7-4668-BE54-9A1E7A4F7556}") = "1399A", "1399A\1399A.csproj", "{8486CFE1-EF80-4152-BCB8-2B524130B039}"
EndProject
Project("{9A19103F-16F7-4668-BE54-9A1E7A4F7556}") = "144A", "144A\144A.csproj", "{B1604628-D644-41C2-BCB0-D471DA83BF69}"
EndProject
Project("{9A19103F-16F7-4668-BE54-9A1E7A4F7556}") = "148A", "148A\148A.csproj", "{5C20DC5C-8228-47F6-B4CD-FB6FE42CAE13}"
EndProject
Project("{9A19103F-16F7-4668-BE54-9A1E7A4F7556}") = "1619A", "1619A\1619A.csproj", "{2CAB6149-CCE0-41C4-AE6A-F3F9E1891E02}"
EndProject
Project("{9A19103F-16F7-4668-BE54-9A1E7A4F7556}") = "1621A", "1621A\1621A.csproj", "{3DB28D45-309F-4C68-9106-B1DCFDAC005B}"
EndProject
Project("{9A19103F-16F7-4668-BE54-9A1E7A4F7556}") = "1623A", "1623A\1623A.csproj", "{1234AE2E-9A85-4608-9037-66D75DFDCF3D}"
EndProject
Project("{9A19103F-16F7-4668-BE54-9A1E7A4F7556}") = "200B", "200B\200B.csproj", "{3FBD4BD8-316B-47F8-BA7E-34272B298A24}"
EndProject
Project("{9A19103F-16F7-4668-BE54-9A1E7A4F7556}") = "263A", "263A\263A.csproj", "{217D72C3-CFFF-43A1-A243-404F13242409}"
EndProject
Project("{9A19103F-16F7-4668-BE54-9A1E7A4F7556}") = "266A", "266A\266A.csproj", "{74A69333-2708-4323-8F53-8CE1E080BB6C}"
EndProject
Project("{9A19103F-16F7-4668-BE54-9A1E7A4F7556}") = "268A", "268A\268A.csproj", "{89714833-B1B1-4B00-BBE5-9AA5D7B00BE0}"
EndProject
Project("{9A19103F-16F7-4668-BE54-9A1E7A4F7556}") = "472A", "472A\472A.csproj", "{C7536146-B8E2-4786-AA17-E8E5DE8AC289}"
EndProject
Project("{9A19103F-16F7-4668-BE54-9A1E7A4F7556}") = "432A", "432A\432A.csproj", "{1FD19FD9-9854-49A7-BBBE-1AE8D65786D9}"
EndProject
Project("{9A19103F-16F7-4668-BE54-9A1E7A4F7556}") = "427A", "427A\427A.csproj", "{726485D1-50D0-430A-A8EA-99BD91D6A6F2}"
EndProject
Project("{9A19103F-16F7-4668-BE54-9A1E7A4F7556}") = "339A", "339A\339A.csproj", "{1811CEB1-218E-4218-9986-574630F6231A}"
EndProject
Project("{9A19103F-16F7-4668-BE54-9A1E7A4F7556}") = "271A", "271A\271A.csproj", "{E66A5A26-A898-4F7A-ABAE-D2021CBCAF41}"
EndProject
Project("{9A19103F-16F7-4668-BE54-9A1E7A4F7556}") = "469A", "469A\469A.csproj", "{352FBEC8-F8DD-4C83-BADF-5F56C60D4DBA}"
EndProject
Project("{9A19103F-16F7-4668-BE54-9A1E7A4F7556}") = "59A", "59A\59A.csproj", "{E7B6BC06-0087-45CA-9810-283312DE58CE}"
EndProject
Project("{9A19103F-16F7-4668-BE54-9A1E7A4F7556}") = "58A", "58A\58A.csproj", "{3EEC732D-317E-44D2-9B2E-BB724499A247}"
EndProject
Project("{9A19103F-16F7-4668-BE54-9A1E7A4F7556}") = "510A", "510A\510A.csproj", "{BE5ED951-B4CA-4E03-9DFD-331A9B0550CF}"
EndProject
Project("{9A19103F-16F7-4668-BE54-9A1E7A4F7556}") = "50A", "50A\50A.csproj", "{64D67F19-0EB3-439D-BA93-6579EF9BDEE2}"
EndProject
Project("{9A19103F-16F7-4668-BE54-9A1E7A4F7556}") = "486A", "486A\486A.csproj", "{9B5B5CC2-2514-480C-9A82-F9425FEA4872}"
EndProject
Project("{9A19103F-16F7-4668-BE54-9A1E7A4F7556}") = "581A", "581A\581A.csproj", "{28D9803E-9D86-441D-81DF-CFC88522C509}"
EndProject
Project("{9A19103F-16F7-4668-BE54-9A1E7A4F7556}") = "785A", "785A\785A.csproj", "{53B91F6E-EFF0-4986-8928-92FE525C1C4D}"
EndProject
Project("{9A19103F-16F7-4668-BE54-9A1E7A4F7556}") = "758A", "758A\758A.csproj", "{DAA35EB7-3AD6-401B-8080-D0847FBB953F}"
EndProject
Project("{9A19103F-16F7-4668-BE54-9A1E7A4F7556}") = "122A", "122A\122A.csproj", "{2D555782-554A-47F7-A255-7EC1F6597B55}"
EndProject
Project("{9A19103F-16F7-4668-BE54-9A1E7A4F7556}") = "228A", "228A\228A.csproj", "{AD916611-0444-4417-82CB-E9E978E468BB}"
EndProject
Project("{9A19103F-16F7-4668-BE54-9A1E7A4F7556}") = "61A", "61A\61A.csproj", "{8C021D7E-7D4D-4A33-9FB0-AF1D580C2AD1}"
EndProject
Project("{9A19103F-16F7-4668-BE54-9A1E7A4F7556}") = "703A", "703A\703A.csproj", "{ECC3BBAA-3E9C-43AA-9F55-CBF115A7B4FE}"
EndProject
Project("{9A19103F-16F7-4668-BE54-9A1E7A4F7556}") = "705A", "705A\705A.csproj", "{A86846A1-737A-419F-8CE5-63108672CDB4}"
EndProject
Project("{9A19103F-16F7-4668-BE54-9A1E7A4F7556}") = "723A", "723A\723A.csproj", "{FC9F9CE2-BC46-4B5D-AE9E-C2665FEA71A2}"
EndProject
Project("{9A19103F-16F7-4668-BE54-9A1E7A4F7556}") = "732A", "732A\732A.csproj", "{BB2620DA-5691-4A11-9001-B29578F96E50}"
EndProject
Project("{9A19103F-16F7-4668-BE54-9A1E7A4F7556}") = "750A", "750A\750A.csproj", "{9E8F7298-4DBF-4547-BAFA-F53043097083}"
EndProject
Project("{9A19103F-16F7-4668-BE54-9A1E7A4F7556}") = "1409A", "1409A\1409A.csproj", "{4849DC79-C665-426B-98A9-5CE46B6E9352}"
EndProject
Project("{9A19103F-16F7-4668-BE54-9A1E7A4F7556}") = "141A", "141A\141A.csproj", "{9B048AFD-E1A9-4A33-844E-20FE9CC07EAF}"
EndProject
Project("{9A19103F-16F7-4668-BE54-9A1E7A4F7556}") = "155A", "155A\155A.csproj", "{089A235B-38F4-4F40-8154-68FA1263D68D}"
EndProject
Project("{9A19103F-16F7-4668-BE54-9A1E7A4F7556}") = "158A", "158A\158A.csproj", "{AFEF8BED-A95B-4E9A-B061-957B0E1F434E}"
EndProject
Project("{9A19103F-16F7-4668-BE54-9A1E7A4F7556}") = "1A", "1A\1A.csproj", "{D1DC3BD3-E8F3-4E5E-BA38-9F2607E4B015}"
EndProject
Project("{9A19103F-16F7-4668-BE54-9A1E7A4F7556}") = "1754A", "1754A\1754A.csproj", "{BF10B91D-64DD-4B75-9474-0E216F049CEB}"
EndProject
Project("{9A19103F-16F7-4668-BE54-9A1E7A4F7556}") = "1676A", "1676A\1676A.csproj", "{FC3CD731-DE92-40C5-8CFD-A80B7807C8A5}"
EndProject
Project("{9A19103F-16F7-4668-BE54-9A1E7A4F7556}") = "1200A", "1200A\1200A.csproj", "{9894534F-04F1-47B7-9713-F158E1B1F20E}"
EndProject
Project("{9A19103F-16F7-4668-BE54-9A1E7A4F7556}") = "791A", "791A\791A.csproj", "{B7271770-5989-4183-ACAB-54C89D9E7430}"
EndProject
Project("{9A19103F-16F7-4668-BE54-9A1E7A4F7556}") = "236A", "236A\236A.csproj", "{E86E46FB-5541-45EC-942E-846908AFBB4C}"
EndProject
Project("{9A19103F-16F7-4668-BE54-9A1E7A4F7556}") = "96A", "96A\96A.csproj", "{384A005B-8779-4244-90B7-580B16A1742F}"
EndProject
Project("{9A19103F-16F7-4668-BE54-9A1E7A4F7556}") = "546A", "546A\546A.csproj", "{4E96A157-6FFF-4056-AF19-236261C6DF55}"
EndProject
Project("{9A19103F-16F7-4668-BE54-9A1E7A4F7556}") = "118A", "118A\118A.csproj", "{C467FCF5-68E3-4274-9355-9E1E93B54563}"
EndProject
Project("{9A19103F-16F7-4668-BE54-9A1E7A4F7556}") = "231A", "231A\231A.csproj", "{3A683586-A157-49F1-9DE4-3F784CC0DE8E}"
EndProject
Project("{9A19103F-16F7-4668-BE54-9A1E7A4F7556}") = "4A", "4A\4A.csproj", "{F893F16C-5182-49CB-A207-744EB4AF66F0}"
EndProject
Project("{9A19103F-16F7-4668-BE54-9A1E7A4F7556}") = "71A", "71A\71A.csproj", "{585602F7-9ECD-4963-8186-8584784D36AE}"
EndProject
Project("{9A19103F-16F7-4668-BE54-9A1E7A4F7556}") = "281A", "281A\281A.csproj", "{74A511B3-C92E-42B8-8F59-05D3BB78C573}"
EndProject
Project("{9A19103F-16F7-4668-BE54-9A1E7A4F7556}") = "977A", "977A\977A.csproj", "{AF15E886-8E95-4419-8B1C-6C40838C6380}"
EndProject
Project("{9A19103F-16F7-4668-BE54-9A1E7A4F7556}") = "1030A", "1030A\1030A.csproj", "{06E8C068-E81B-4282-93DE-3B70A3693A7B}"
EndProject
Project("{9A19103F-16F7-4668-BE54-9A1E7A4F7556}") = "110A", "110A\110A.csproj", "{EC89465C-80A8-4206-AF1E-89B3BE4B0A88}"
EndProject
Project("{9A19103F-16F7-4668-BE54-9A1E7A4F7556}") = "1141A", "1141A\1141A.csproj", "{300E79D0-6B43-45F2-A3D9-1F8E879D8358}"
EndProject
Project("{9A19103F-16F7-4668-BE54-9A1E7A4F7556}") = "1183A", "1183A\1183A.csproj", "{2AE604A4-2367-4404-B64B-932D0B756269}"
EndProject
Project("{9A19103F-16F7-4668-BE54-9A1E7A4F7556}") = "1207A", "1207A\1207A.csproj", "{6C5F9284-3950-4B0B-A158-69711809C916}"
EndProject
Project("{9A19103F-16F7-4668-BE54-9A1E7A4F7556}") = "133A", "133A\133A.csproj", "{03745606-487E-4A78-91FF-2B1F784CF624}"
EndProject
Project("{9A19103F-16F7-4668-BE54-9A1E7A4F7556}") = "1230A", "1230A\1230A.csproj", "{ED7E448F-FD9D-463B-ABE5-3A03CC657DC7}"
EndProject
Project("{9A19103F-16F7-4668-BE54-9A1E7A4F7556}") = "1303A", "1303A\1303A.csproj", "{3FB18735-723C-400D-8676-9F4DB6AE3629}"
EndProject
Project("{9A19103F-16F7-4668-BE54-9A1E7A4F7556}") = "1304A", "1304A\1304A.csproj", "{66861F56-A000-4597-8BEA-410E37C4514C}"
EndProject
Project("{9A19103F-16F7-4668-BE54-9A1E7A4F7556}") = "1312A", "1312A\1312A.csproj", "{CB757F29-2E84-4D73-9DDA-6E7ED9BA3356}"
EndProject
Project("{9A19103F-16F7-4668-BE54-9A1E7A4F7556}") = "1354A", "1354A\1354A.csproj", "{062001B1-939B-4C66-860F-90AA3AAE0D17}"
EndProject
Project("{9A19103F-16F7-4668-BE54-9A1E7A4F7556}") = "25A", "25A\25A.csproj", "{8270FBBB-731E-4DB2-85E5-D8414FFAEB37}"
EndProject
Project("{9A19103F-16F7-4668-BE54-9A1E7A4F7556}") = "344A", "344A\344A.csproj", "{1FCBF73B-2181-41A3-BF7D-F7944DB62690}"
EndProject
Project("{9A19103F-16F7-4668-BE54-9A1E7A4F7556}") = "34B", "34B\34B.csproj", "{820FAE7C-0707-4338-89E4-5AAABD998312}"
EndProject
Project("{FAE04EC0-301F-11D3-BF4B-00C04F79EFBC}") = "405A", "405A\405A.csproj", "{37424290-E66A-4CDD-80CE-B74A4EEC9B5F}"
EndProject
Global
	GlobalSection(SolutionConfigurationPlatforms) = preSolution
		Debug|Any CPU = Debug|Any CPU
		Release|Any CPU = Release|Any CPU
	EndGlobalSection
	GlobalSection(ProjectConfigurationPlatforms) = postSolution
		{C4510060-5D35-4BAC-8668-8729A62090DE}.Debug|Any CPU.ActiveCfg = Debug|Any CPU
		{C4510060-5D35-4BAC-8668-8729A62090DE}.Debug|Any CPU.Build.0 = Debug|Any CPU
		{C4510060-5D35-4BAC-8668-8729A62090DE}.Release|Any CPU.ActiveCfg = Release|Any CPU
		{C4510060-5D35-4BAC-8668-8729A62090DE}.Release|Any CPU.Build.0 = Release|Any CPU
		{CD84DAE0-ADF8-4635-94E5-7A7596C9F070}.Debug|Any CPU.ActiveCfg = Debug|Any CPU
		{CD84DAE0-ADF8-4635-94E5-7A7596C9F070}.Debug|Any CPU.Build.0 = Debug|Any CPU
		{CD84DAE0-ADF8-4635-94E5-7A7596C9F070}.Release|Any CPU.ActiveCfg = Release|Any CPU
		{CD84DAE0-ADF8-4635-94E5-7A7596C9F070}.Release|Any CPU.Build.0 = Release|Any CPU
		{A412608F-F6B8-4CD6-81E5-09C7F3588099}.Debug|Any CPU.ActiveCfg = Debug|Any CPU
		{A412608F-F6B8-4CD6-81E5-09C7F3588099}.Debug|Any CPU.Build.0 = Debug|Any CPU
		{A412608F-F6B8-4CD6-81E5-09C7F3588099}.Release|Any CPU.ActiveCfg = Release|Any CPU
		{A412608F-F6B8-4CD6-81E5-09C7F3588099}.Release|Any CPU.Build.0 = Release|Any CPU
		{1048AE56-265A-4D12-BD2A-E6F643FE493A}.Debug|Any CPU.ActiveCfg = Debug|Any CPU
		{1048AE56-265A-4D12-BD2A-E6F643FE493A}.Debug|Any CPU.Build.0 = Debug|Any CPU
		{1048AE56-265A-4D12-BD2A-E6F643FE493A}.Release|Any CPU.ActiveCfg = Release|Any CPU
		{1048AE56-265A-4D12-BD2A-E6F643FE493A}.Release|Any CPU.Build.0 = Release|Any CPU
		{5EF89EEF-AA38-4444-9DA5-248BF94E4E02}.Debug|Any CPU.ActiveCfg = Debug|Any CPU
		{5EF89EEF-AA38-4444-9DA5-248BF94E4E02}.Debug|Any CPU.Build.0 = Debug|Any CPU
		{5EF89EEF-AA38-4444-9DA5-248BF94E4E02}.Release|Any CPU.ActiveCfg = Release|Any CPU
		{5EF89EEF-AA38-4444-9DA5-248BF94E4E02}.Release|Any CPU.Build.0 = Release|Any CPU
		{27693840-1804-4A86-9040-227E265783D1}.Debug|Any CPU.ActiveCfg = Debug|Any CPU
		{27693840-1804-4A86-9040-227E265783D1}.Debug|Any CPU.Build.0 = Debug|Any CPU
		{27693840-1804-4A86-9040-227E265783D1}.Release|Any CPU.ActiveCfg = Release|Any CPU
		{27693840-1804-4A86-9040-227E265783D1}.Release|Any CPU.Build.0 = Release|Any CPU
		{D7B16287-0805-432C-8C72-999789AE0614}.Debug|Any CPU.ActiveCfg = Debug|Any CPU
		{D7B16287-0805-432C-8C72-999789AE0614}.Debug|Any CPU.Build.0 = Debug|Any CPU
		{D7B16287-0805-432C-8C72-999789AE0614}.Release|Any CPU.ActiveCfg = Release|Any CPU
		{D7B16287-0805-432C-8C72-999789AE0614}.Release|Any CPU.Build.0 = Release|Any CPU
		{7FEEE63F-FF6E-429A-983B-70EC4DD17655}.Debug|Any CPU.ActiveCfg = Debug|Any CPU
		{7FEEE63F-FF6E-429A-983B-70EC4DD17655}.Debug|Any CPU.Build.0 = Debug|Any CPU
		{7FEEE63F-FF6E-429A-983B-70EC4DD17655}.Release|Any CPU.ActiveCfg = Release|Any CPU
		{7FEEE63F-FF6E-429A-983B-70EC4DD17655}.Release|Any CPU.Build.0 = Release|Any CPU
		{830BC78B-2AA0-47D3-A8C5-8938D1B76175}.Debug|Any CPU.ActiveCfg = Debug|Any CPU
		{830BC78B-2AA0-47D3-A8C5-8938D1B76175}.Debug|Any CPU.Build.0 = Debug|Any CPU
		{830BC78B-2AA0-47D3-A8C5-8938D1B76175}.Release|Any CPU.ActiveCfg = Release|Any CPU
		{830BC78B-2AA0-47D3-A8C5-8938D1B76175}.Release|Any CPU.Build.0 = Release|Any CPU
		{245A77A7-47A8-4212-9686-E8695A252747}.Debug|Any CPU.ActiveCfg = Debug|Any CPU
		{245A77A7-47A8-4212-9686-E8695A252747}.Debug|Any CPU.Build.0 = Debug|Any CPU
		{245A77A7-47A8-4212-9686-E8695A252747}.Release|Any CPU.ActiveCfg = Release|Any CPU
		{245A77A7-47A8-4212-9686-E8695A252747}.Release|Any CPU.Build.0 = Release|Any CPU
		{8486CFE1-EF80-4152-BCB8-2B524130B039}.Debug|Any CPU.ActiveCfg = Debug|Any CPU
		{8486CFE1-EF80-4152-BCB8-2B524130B039}.Debug|Any CPU.Build.0 = Debug|Any CPU
		{8486CFE1-EF80-4152-BCB8-2B524130B039}.Release|Any CPU.ActiveCfg = Release|Any CPU
		{8486CFE1-EF80-4152-BCB8-2B524130B039}.Release|Any CPU.Build.0 = Release|Any CPU
		{B1604628-D644-41C2-BCB0-D471DA83BF69}.Debug|Any CPU.ActiveCfg = Debug|Any CPU
		{B1604628-D644-41C2-BCB0-D471DA83BF69}.Debug|Any CPU.Build.0 = Debug|Any CPU
		{B1604628-D644-41C2-BCB0-D471DA83BF69}.Release|Any CPU.ActiveCfg = Release|Any CPU
		{B1604628-D644-41C2-BCB0-D471DA83BF69}.Release|Any CPU.Build.0 = Release|Any CPU
		{5C20DC5C-8228-47F6-B4CD-FB6FE42CAE13}.Debug|Any CPU.ActiveCfg = Debug|Any CPU
		{5C20DC5C-8228-47F6-B4CD-FB6FE42CAE13}.Debug|Any CPU.Build.0 = Debug|Any CPU
		{5C20DC5C-8228-47F6-B4CD-FB6FE42CAE13}.Release|Any CPU.ActiveCfg = Release|Any CPU
		{5C20DC5C-8228-47F6-B4CD-FB6FE42CAE13}.Release|Any CPU.Build.0 = Release|Any CPU
		{2CAB6149-CCE0-41C4-AE6A-F3F9E1891E02}.Debug|Any CPU.ActiveCfg = Debug|Any CPU
		{2CAB6149-CCE0-41C4-AE6A-F3F9E1891E02}.Debug|Any CPU.Build.0 = Debug|Any CPU
		{2CAB6149-CCE0-41C4-AE6A-F3F9E1891E02}.Release|Any CPU.ActiveCfg = Release|Any CPU
		{2CAB6149-CCE0-41C4-AE6A-F3F9E1891E02}.Release|Any CPU.Build.0 = Release|Any CPU
		{3DB28D45-309F-4C68-9106-B1DCFDAC005B}.Debug|Any CPU.ActiveCfg = Debug|Any CPU
		{3DB28D45-309F-4C68-9106-B1DCFDAC005B}.Debug|Any CPU.Build.0 = Debug|Any CPU
		{3DB28D45-309F-4C68-9106-B1DCFDAC005B}.Release|Any CPU.ActiveCfg = Release|Any CPU
		{3DB28D45-309F-4C68-9106-B1DCFDAC005B}.Release|Any CPU.Build.0 = Release|Any CPU
		{1234AE2E-9A85-4608-9037-66D75DFDCF3D}.Debug|Any CPU.ActiveCfg = Debug|Any CPU
		{1234AE2E-9A85-4608-9037-66D75DFDCF3D}.Debug|Any CPU.Build.0 = Debug|Any CPU
		{1234AE2E-9A85-4608-9037-66D75DFDCF3D}.Release|Any CPU.ActiveCfg = Release|Any CPU
		{1234AE2E-9A85-4608-9037-66D75DFDCF3D}.Release|Any CPU.Build.0 = Release|Any CPU
		{3FBD4BD8-316B-47F8-BA7E-34272B298A24}.Debug|Any CPU.ActiveCfg = Debug|Any CPU
		{3FBD4BD8-316B-47F8-BA7E-34272B298A24}.Debug|Any CPU.Build.0 = Debug|Any CPU
		{3FBD4BD8-316B-47F8-BA7E-34272B298A24}.Release|Any CPU.ActiveCfg = Release|Any CPU
		{3FBD4BD8-316B-47F8-BA7E-34272B298A24}.Release|Any CPU.Build.0 = Release|Any CPU
		{217D72C3-CFFF-43A1-A243-404F13242409}.Debug|Any CPU.ActiveCfg = Debug|Any CPU
		{217D72C3-CFFF-43A1-A243-404F13242409}.Debug|Any CPU.Build.0 = Debug|Any CPU
		{217D72C3-CFFF-43A1-A243-404F13242409}.Release|Any CPU.ActiveCfg = Release|Any CPU
		{217D72C3-CFFF-43A1-A243-404F13242409}.Release|Any CPU.Build.0 = Release|Any CPU
		{74A69333-2708-4323-8F53-8CE1E080BB6C}.Debug|Any CPU.ActiveCfg = Debug|Any CPU
		{74A69333-2708-4323-8F53-8CE1E080BB6C}.Debug|Any CPU.Build.0 = Debug|Any CPU
		{74A69333-2708-4323-8F53-8CE1E080BB6C}.Release|Any CPU.ActiveCfg = Release|Any CPU
		{74A69333-2708-4323-8F53-8CE1E080BB6C}.Release|Any CPU.Build.0 = Release|Any CPU
		{89714833-B1B1-4B00-BBE5-9AA5D7B00BE0}.Debug|Any CPU.ActiveCfg = Debug|Any CPU
		{89714833-B1B1-4B00-BBE5-9AA5D7B00BE0}.Debug|Any CPU.Build.0 = Debug|Any CPU
		{89714833-B1B1-4B00-BBE5-9AA5D7B00BE0}.Release|Any CPU.ActiveCfg = Release|Any CPU
		{89714833-B1B1-4B00-BBE5-9AA5D7B00BE0}.Release|Any CPU.Build.0 = Release|Any CPU
		{C7536146-B8E2-4786-AA17-E8E5DE8AC289}.Debug|Any CPU.ActiveCfg = Debug|Any CPU
		{C7536146-B8E2-4786-AA17-E8E5DE8AC289}.Debug|Any CPU.Build.0 = Debug|Any CPU
		{C7536146-B8E2-4786-AA17-E8E5DE8AC289}.Release|Any CPU.ActiveCfg = Release|Any CPU
		{C7536146-B8E2-4786-AA17-E8E5DE8AC289}.Release|Any CPU.Build.0 = Release|Any CPU
		{1FD19FD9-9854-49A7-BBBE-1AE8D65786D9}.Debug|Any CPU.ActiveCfg = Debug|Any CPU
		{1FD19FD9-9854-49A7-BBBE-1AE8D65786D9}.Debug|Any CPU.Build.0 = Debug|Any CPU
		{1FD19FD9-9854-49A7-BBBE-1AE8D65786D9}.Release|Any CPU.ActiveCfg = Release|Any CPU
		{1FD19FD9-9854-49A7-BBBE-1AE8D65786D9}.Release|Any CPU.Build.0 = Release|Any CPU
		{726485D1-50D0-430A-A8EA-99BD91D6A6F2}.Debug|Any CPU.ActiveCfg = Debug|Any CPU
		{726485D1-50D0-430A-A8EA-99BD91D6A6F2}.Debug|Any CPU.Build.0 = Debug|Any CPU
		{726485D1-50D0-430A-A8EA-99BD91D6A6F2}.Release|Any CPU.ActiveCfg = Release|Any CPU
		{726485D1-50D0-430A-A8EA-99BD91D6A6F2}.Release|Any CPU.Build.0 = Release|Any CPU
		{1811CEB1-218E-4218-9986-574630F6231A}.Debug|Any CPU.ActiveCfg = Debug|Any CPU
		{1811CEB1-218E-4218-9986-574630F6231A}.Debug|Any CPU.Build.0 = Debug|Any CPU
		{1811CEB1-218E-4218-9986-574630F6231A}.Release|Any CPU.ActiveCfg = Release|Any CPU
		{1811CEB1-218E-4218-9986-574630F6231A}.Release|Any CPU.Build.0 = Release|Any CPU
		{E66A5A26-A898-4F7A-ABAE-D2021CBCAF41}.Debug|Any CPU.ActiveCfg = Debug|Any CPU
		{E66A5A26-A898-4F7A-ABAE-D2021CBCAF41}.Debug|Any CPU.Build.0 = Debug|Any CPU
		{E66A5A26-A898-4F7A-ABAE-D2021CBCAF41}.Release|Any CPU.ActiveCfg = Release|Any CPU
		{E66A5A26-A898-4F7A-ABAE-D2021CBCAF41}.Release|Any CPU.Build.0 = Release|Any CPU
		{352FBEC8-F8DD-4C83-BADF-5F56C60D4DBA}.Debug|Any CPU.ActiveCfg = Debug|Any CPU
		{352FBEC8-F8DD-4C83-BADF-5F56C60D4DBA}.Debug|Any CPU.Build.0 = Debug|Any CPU
		{352FBEC8-F8DD-4C83-BADF-5F56C60D4DBA}.Release|Any CPU.ActiveCfg = Release|Any CPU
		{352FBEC8-F8DD-4C83-BADF-5F56C60D4DBA}.Release|Any CPU.Build.0 = Release|Any CPU
		{E7B6BC06-0087-45CA-9810-283312DE58CE}.Debug|Any CPU.ActiveCfg = Debug|Any CPU
		{E7B6BC06-0087-45CA-9810-283312DE58CE}.Debug|Any CPU.Build.0 = Debug|Any CPU
		{E7B6BC06-0087-45CA-9810-283312DE58CE}.Release|Any CPU.ActiveCfg = Release|Any CPU
		{E7B6BC06-0087-45CA-9810-283312DE58CE}.Release|Any CPU.Build.0 = Release|Any CPU
		{3EEC732D-317E-44D2-9B2E-BB724499A247}.Debug|Any CPU.ActiveCfg = Debug|Any CPU
		{3EEC732D-317E-44D2-9B2E-BB724499A247}.Debug|Any CPU.Build.0 = Debug|Any CPU
		{3EEC732D-317E-44D2-9B2E-BB724499A247}.Release|Any CPU.ActiveCfg = Release|Any CPU
		{3EEC732D-317E-44D2-9B2E-BB724499A247}.Release|Any CPU.Build.0 = Release|Any CPU
		{BE5ED951-B4CA-4E03-9DFD-331A9B0550CF}.Debug|Any CPU.ActiveCfg = Debug|Any CPU
		{BE5ED951-B4CA-4E03-9DFD-331A9B0550CF}.Debug|Any CPU.Build.0 = Debug|Any CPU
		{BE5ED951-B4CA-4E03-9DFD-331A9B0550CF}.Release|Any CPU.ActiveCfg = Release|Any CPU
		{BE5ED951-B4CA-4E03-9DFD-331A9B0550CF}.Release|Any CPU.Build.0 = Release|Any CPU
		{64D67F19-0EB3-439D-BA93-6579EF9BDEE2}.Debug|Any CPU.ActiveCfg = Debug|Any CPU
		{64D67F19-0EB3-439D-BA93-6579EF9BDEE2}.Debug|Any CPU.Build.0 = Debug|Any CPU
		{64D67F19-0EB3-439D-BA93-6579EF9BDEE2}.Release|Any CPU.ActiveCfg = Release|Any CPU
		{64D67F19-0EB3-439D-BA93-6579EF9BDEE2}.Release|Any CPU.Build.0 = Release|Any CPU
		{9B5B5CC2-2514-480C-9A82-F9425FEA4872}.Debug|Any CPU.ActiveCfg = Debug|Any CPU
		{9B5B5CC2-2514-480C-9A82-F9425FEA4872}.Debug|Any CPU.Build.0 = Debug|Any CPU
		{9B5B5CC2-2514-480C-9A82-F9425FEA4872}.Release|Any CPU.ActiveCfg = Release|Any CPU
		{9B5B5CC2-2514-480C-9A82-F9425FEA4872}.Release|Any CPU.Build.0 = Release|Any CPU
		{28D9803E-9D86-441D-81DF-CFC88522C509}.Debug|Any CPU.ActiveCfg = Debug|Any CPU
		{28D9803E-9D86-441D-81DF-CFC88522C509}.Debug|Any CPU.Build.0 = Debug|Any CPU
		{28D9803E-9D86-441D-81DF-CFC88522C509}.Release|Any CPU.ActiveCfg = Release|Any CPU
		{28D9803E-9D86-441D-81DF-CFC88522C509}.Release|Any CPU.Build.0 = Release|Any CPU
		{53B91F6E-EFF0-4986-8928-92FE525C1C4D}.Debug|Any CPU.ActiveCfg = Debug|Any CPU
		{53B91F6E-EFF0-4986-8928-92FE525C1C4D}.Debug|Any CPU.Build.0 = Debug|Any CPU
		{53B91F6E-EFF0-4986-8928-92FE525C1C4D}.Release|Any CPU.ActiveCfg = Release|Any CPU
		{53B91F6E-EFF0-4986-8928-92FE525C1C4D}.Release|Any CPU.Build.0 = Release|Any CPU
		{DAA35EB7-3AD6-401B-8080-D0847FBB953F}.Debug|Any CPU.ActiveCfg = Debug|Any CPU
		{DAA35EB7-3AD6-401B-8080-D0847FBB953F}.Debug|Any CPU.Build.0 = Debug|Any CPU
		{DAA35EB7-3AD6-401B-8080-D0847FBB953F}.Release|Any CPU.ActiveCfg = Release|Any CPU
		{DAA35EB7-3AD6-401B-8080-D0847FBB953F}.Release|Any CPU.Build.0 = Release|Any CPU
		{2D555782-554A-47F7-A255-7EC1F6597B55}.Debug|Any CPU.ActiveCfg = Debug|Any CPU
		{2D555782-554A-47F7-A255-7EC1F6597B55}.Debug|Any CPU.Build.0 = Debug|Any CPU
		{2D555782-554A-47F7-A255-7EC1F6597B55}.Release|Any CPU.ActiveCfg = Release|Any CPU
		{2D555782-554A-47F7-A255-7EC1F6597B55}.Release|Any CPU.Build.0 = Release|Any CPU
		{AD916611-0444-4417-82CB-E9E978E468BB}.Debug|Any CPU.ActiveCfg = Debug|Any CPU
		{AD916611-0444-4417-82CB-E9E978E468BB}.Debug|Any CPU.Build.0 = Debug|Any CPU
		{AD916611-0444-4417-82CB-E9E978E468BB}.Release|Any CPU.ActiveCfg = Release|Any CPU
		{AD916611-0444-4417-82CB-E9E978E468BB}.Release|Any CPU.Build.0 = Release|Any CPU
		{8C021D7E-7D4D-4A33-9FB0-AF1D580C2AD1}.Debug|Any CPU.ActiveCfg = Debug|Any CPU
		{8C021D7E-7D4D-4A33-9FB0-AF1D580C2AD1}.Debug|Any CPU.Build.0 = Debug|Any CPU
		{8C021D7E-7D4D-4A33-9FB0-AF1D580C2AD1}.Release|Any CPU.ActiveCfg = Release|Any CPU
		{8C021D7E-7D4D-4A33-9FB0-AF1D580C2AD1}.Release|Any CPU.Build.0 = Release|Any CPU
		{ECC3BBAA-3E9C-43AA-9F55-CBF115A7B4FE}.Debug|Any CPU.ActiveCfg = Debug|Any CPU
		{ECC3BBAA-3E9C-43AA-9F55-CBF115A7B4FE}.Debug|Any CPU.Build.0 = Debug|Any CPU
		{ECC3BBAA-3E9C-43AA-9F55-CBF115A7B4FE}.Release|Any CPU.ActiveCfg = Release|Any CPU
		{ECC3BBAA-3E9C-43AA-9F55-CBF115A7B4FE}.Release|Any CPU.Build.0 = Release|Any CPU
		{A86846A1-737A-419F-8CE5-63108672CDB4}.Debug|Any CPU.ActiveCfg = Debug|Any CPU
		{A86846A1-737A-419F-8CE5-63108672CDB4}.Debug|Any CPU.Build.0 = Debug|Any CPU
		{A86846A1-737A-419F-8CE5-63108672CDB4}.Release|Any CPU.ActiveCfg = Release|Any CPU
		{A86846A1-737A-419F-8CE5-63108672CDB4}.Release|Any CPU.Build.0 = Release|Any CPU
		{FC9F9CE2-BC46-4B5D-AE9E-C2665FEA71A2}.Debug|Any CPU.ActiveCfg = Debug|Any CPU
		{FC9F9CE2-BC46-4B5D-AE9E-C2665FEA71A2}.Debug|Any CPU.Build.0 = Debug|Any CPU
		{FC9F9CE2-BC46-4B5D-AE9E-C2665FEA71A2}.Release|Any CPU.ActiveCfg = Release|Any CPU
		{FC9F9CE2-BC46-4B5D-AE9E-C2665FEA71A2}.Release|Any CPU.Build.0 = Release|Any CPU
		{BB2620DA-5691-4A11-9001-B29578F96E50}.Debug|Any CPU.ActiveCfg = Debug|Any CPU
		{BB2620DA-5691-4A11-9001-B29578F96E50}.Debug|Any CPU.Build.0 = Debug|Any CPU
		{BB2620DA-5691-4A11-9001-B29578F96E50}.Release|Any CPU.ActiveCfg = Release|Any CPU
		{BB2620DA-5691-4A11-9001-B29578F96E50}.Release|Any CPU.Build.0 = Release|Any CPU
		{9E8F7298-4DBF-4547-BAFA-F53043097083}.Debug|Any CPU.ActiveCfg = Debug|Any CPU
		{9E8F7298-4DBF-4547-BAFA-F53043097083}.Debug|Any CPU.Build.0 = Debug|Any CPU
		{9E8F7298-4DBF-4547-BAFA-F53043097083}.Release|Any CPU.ActiveCfg = Release|Any CPU
		{9E8F7298-4DBF-4547-BAFA-F53043097083}.Release|Any CPU.Build.0 = Release|Any CPU
		{4849DC79-C665-426B-98A9-5CE46B6E9352}.Debug|Any CPU.ActiveCfg = Debug|Any CPU
		{4849DC79-C665-426B-98A9-5CE46B6E9352}.Debug|Any CPU.Build.0 = Debug|Any CPU
		{4849DC79-C665-426B-98A9-5CE46B6E9352}.Release|Any CPU.ActiveCfg = Release|Any CPU
		{4849DC79-C665-426B-98A9-5CE46B6E9352}.Release|Any CPU.Build.0 = Release|Any CPU
		{9B048AFD-E1A9-4A33-844E-20FE9CC07EAF}.Debug|Any CPU.ActiveCfg = Debug|Any CPU
		{9B048AFD-E1A9-4A33-844E-20FE9CC07EAF}.Debug|Any CPU.Build.0 = Debug|Any CPU
		{9B048AFD-E1A9-4A33-844E-20FE9CC07EAF}.Release|Any CPU.ActiveCfg = Release|Any CPU
		{9B048AFD-E1A9-4A33-844E-20FE9CC07EAF}.Release|Any CPU.Build.0 = Release|Any CPU
		{089A235B-38F4-4F40-8154-68FA1263D68D}.Debug|Any CPU.ActiveCfg = Debug|Any CPU
		{089A235B-38F4-4F40-8154-68FA1263D68D}.Debug|Any CPU.Build.0 = Debug|Any CPU
		{089A235B-38F4-4F40-8154-68FA1263D68D}.Release|Any CPU.ActiveCfg = Release|Any CPU
		{089A235B-38F4-4F40-8154-68FA1263D68D}.Release|Any CPU.Build.0 = Release|Any CPU
		{AFEF8BED-A95B-4E9A-B061-957B0E1F434E}.Debug|Any CPU.ActiveCfg = Debug|Any CPU
		{AFEF8BED-A95B-4E9A-B061-957B0E1F434E}.Debug|Any CPU.Build.0 = Debug|Any CPU
		{AFEF8BED-A95B-4E9A-B061-957B0E1F434E}.Release|Any CPU.ActiveCfg = Release|Any CPU
		{AFEF8BED-A95B-4E9A-B061-957B0E1F434E}.Release|Any CPU.Build.0 = Release|Any CPU
		{D1DC3BD3-E8F3-4E5E-BA38-9F2607E4B015}.Debug|Any CPU.ActiveCfg = Debug|Any CPU
		{D1DC3BD3-E8F3-4E5E-BA38-9F2607E4B015}.Debug|Any CPU.Build.0 = Debug|Any CPU
		{D1DC3BD3-E8F3-4E5E-BA38-9F2607E4B015}.Release|Any CPU.ActiveCfg = Release|Any CPU
		{D1DC3BD3-E8F3-4E5E-BA38-9F2607E4B015}.Release|Any CPU.Build.0 = Release|Any CPU
		{BF10B91D-64DD-4B75-9474-0E216F049CEB}.Debug|Any CPU.ActiveCfg = Debug|Any CPU
		{BF10B91D-64DD-4B75-9474-0E216F049CEB}.Debug|Any CPU.Build.0 = Debug|Any CPU
		{BF10B91D-64DD-4B75-9474-0E216F049CEB}.Release|Any CPU.ActiveCfg = Release|Any CPU
		{BF10B91D-64DD-4B75-9474-0E216F049CEB}.Release|Any CPU.Build.0 = Release|Any CPU
		{FC3CD731-DE92-40C5-8CFD-A80B7807C8A5}.Debug|Any CPU.ActiveCfg = Debug|Any CPU
		{FC3CD731-DE92-40C5-8CFD-A80B7807C8A5}.Debug|Any CPU.Build.0 = Debug|Any CPU
		{FC3CD731-DE92-40C5-8CFD-A80B7807C8A5}.Release|Any CPU.ActiveCfg = Release|Any CPU
		{FC3CD731-DE92-40C5-8CFD-A80B7807C8A5}.Release|Any CPU.Build.0 = Release|Any CPU
		{9894534F-04F1-47B7-9713-F158E1B1F20E}.Debug|Any CPU.ActiveCfg = Debug|Any CPU
		{9894534F-04F1-47B7-9713-F158E1B1F20E}.Debug|Any CPU.Build.0 = Debug|Any CPU
		{9894534F-04F1-47B7-9713-F158E1B1F20E}.Release|Any CPU.ActiveCfg = Release|Any CPU
		{9894534F-04F1-47B7-9713-F158E1B1F20E}.Release|Any CPU.Build.0 = Release|Any CPU
		{B7271770-5989-4183-ACAB-54C89D9E7430}.Debug|Any CPU.ActiveCfg = Debug|Any CPU
		{B7271770-5989-4183-ACAB-54C89D9E7430}.Debug|Any CPU.Build.0 = Debug|Any CPU
		{B7271770-5989-4183-ACAB-54C89D9E7430}.Release|Any CPU.ActiveCfg = Release|Any CPU
		{B7271770-5989-4183-ACAB-54C89D9E7430}.Release|Any CPU.Build.0 = Release|Any CPU
		{E86E46FB-5541-45EC-942E-846908AFBB4C}.Debug|Any CPU.ActiveCfg = Debug|Any CPU
		{E86E46FB-5541-45EC-942E-846908AFBB4C}.Debug|Any CPU.Build.0 = Debug|Any CPU
		{E86E46FB-5541-45EC-942E-846908AFBB4C}.Release|Any CPU.ActiveCfg = Release|Any CPU
		{E86E46FB-5541-45EC-942E-846908AFBB4C}.Release|Any CPU.Build.0 = Release|Any CPU
		{384A005B-8779-4244-90B7-580B16A1742F}.Debug|Any CPU.ActiveCfg = Debug|Any CPU
		{384A005B-8779-4244-90B7-580B16A1742F}.Debug|Any CPU.Build.0 = Debug|Any CPU
		{384A005B-8779-4244-90B7-580B16A1742F}.Release|Any CPU.ActiveCfg = Release|Any CPU
		{384A005B-8779-4244-90B7-580B16A1742F}.Release|Any CPU.Build.0 = Release|Any CPU
		{4E96A157-6FFF-4056-AF19-236261C6DF55}.Debug|Any CPU.ActiveCfg = Debug|Any CPU
		{4E96A157-6FFF-4056-AF19-236261C6DF55}.Debug|Any CPU.Build.0 = Debug|Any CPU
		{4E96A157-6FFF-4056-AF19-236261C6DF55}.Release|Any CPU.ActiveCfg = Release|Any CPU
		{4E96A157-6FFF-4056-AF19-236261C6DF55}.Release|Any CPU.Build.0 = Release|Any CPU
		{C467FCF5-68E3-4274-9355-9E1E93B54563}.Debug|Any CPU.ActiveCfg = Debug|Any CPU
		{C467FCF5-68E3-4274-9355-9E1E93B54563}.Debug|Any CPU.Build.0 = Debug|Any CPU
		{C467FCF5-68E3-4274-9355-9E1E93B54563}.Release|Any CPU.ActiveCfg = Release|Any CPU
		{C467FCF5-68E3-4274-9355-9E1E93B54563}.Release|Any CPU.Build.0 = Release|Any CPU
		{3A683586-A157-49F1-9DE4-3F784CC0DE8E}.Debug|Any CPU.ActiveCfg = Debug|Any CPU
		{3A683586-A157-49F1-9DE4-3F784CC0DE8E}.Debug|Any CPU.Build.0 = Debug|Any CPU
		{3A683586-A157-49F1-9DE4-3F784CC0DE8E}.Release|Any CPU.ActiveCfg = Release|Any CPU
		{3A683586-A157-49F1-9DE4-3F784CC0DE8E}.Release|Any CPU.Build.0 = Release|Any CPU
		{F893F16C-5182-49CB-A207-744EB4AF66F0}.Debug|Any CPU.ActiveCfg = Debug|Any CPU
		{F893F16C-5182-49CB-A207-744EB4AF66F0}.Debug|Any CPU.Build.0 = Debug|Any CPU
		{F893F16C-5182-49CB-A207-744EB4AF66F0}.Release|Any CPU.ActiveCfg = Release|Any CPU
		{F893F16C-5182-49CB-A207-744EB4AF66F0}.Release|Any CPU.Build.0 = Release|Any CPU
		{585602F7-9ECD-4963-8186-8584784D36AE}.Debug|Any CPU.ActiveCfg = Debug|Any CPU
		{585602F7-9ECD-4963-8186-8584784D36AE}.Debug|Any CPU.Build.0 = Debug|Any CPU
		{585602F7-9ECD-4963-8186-8584784D36AE}.Release|Any CPU.ActiveCfg = Release|Any CPU
		{585602F7-9ECD-4963-8186-8584784D36AE}.Release|Any CPU.Build.0 = Release|Any CPU
		{74A511B3-C92E-42B8-8F59-05D3BB78C573}.Debug|Any CPU.ActiveCfg = Debug|Any CPU
		{74A511B3-C92E-42B8-8F59-05D3BB78C573}.Debug|Any CPU.Build.0 = Debug|Any CPU
		{74A511B3-C92E-42B8-8F59-05D3BB78C573}.Release|Any CPU.ActiveCfg = Release|Any CPU
		{74A511B3-C92E-42B8-8F59-05D3BB78C573}.Release|Any CPU.Build.0 = Release|Any CPU
		{AF15E886-8E95-4419-8B1C-6C40838C6380}.Debug|Any CPU.ActiveCfg = Debug|Any CPU
		{AF15E886-8E95-4419-8B1C-6C40838C6380}.Debug|Any CPU.Build.0 = Debug|Any CPU
		{AF15E886-8E95-4419-8B1C-6C40838C6380}.Release|Any CPU.ActiveCfg = Release|Any CPU
		{AF15E886-8E95-4419-8B1C-6C40838C6380}.Release|Any CPU.Build.0 = Release|Any CPU
		{06E8C068-E81B-4282-93DE-3B70A3693A7B}.Debug|Any CPU.ActiveCfg = Debug|Any CPU
		{06E8C068-E81B-4282-93DE-3B70A3693A7B}.Debug|Any CPU.Build.0 = Debug|Any CPU
		{06E8C068-E81B-4282-93DE-3B70A3693A7B}.Release|Any CPU.ActiveCfg = Release|Any CPU
		{06E8C068-E81B-4282-93DE-3B70A3693A7B}.Release|Any CPU.Build.0 = Release|Any CPU
		{EC89465C-80A8-4206-AF1E-89B3BE4B0A88}.Debug|Any CPU.ActiveCfg = Debug|Any CPU
		{EC89465C-80A8-4206-AF1E-89B3BE4B0A88}.Debug|Any CPU.Build.0 = Debug|Any CPU
		{EC89465C-80A8-4206-AF1E-89B3BE4B0A88}.Release|Any CPU.ActiveCfg = Release|Any CPU
		{EC89465C-80A8-4206-AF1E-89B3BE4B0A88}.Release|Any CPU.Build.0 = Release|Any CPU
		{300E79D0-6B43-45F2-A3D9-1F8E879D8358}.Debug|Any CPU.ActiveCfg = Debug|Any CPU
		{300E79D0-6B43-45F2-A3D9-1F8E879D8358}.Debug|Any CPU.Build.0 = Debug|Any CPU
		{300E79D0-6B43-45F2-A3D9-1F8E879D8358}.Release|Any CPU.ActiveCfg = Release|Any CPU
		{300E79D0-6B43-45F2-A3D9-1F8E879D8358}.Release|Any CPU.Build.0 = Release|Any CPU
		{2AE604A4-2367-4404-B64B-932D0B756269}.Debug|Any CPU.ActiveCfg = Debug|Any CPU
		{2AE604A4-2367-4404-B64B-932D0B756269}.Debug|Any CPU.Build.0 = Debug|Any CPU
		{2AE604A4-2367-4404-B64B-932D0B756269}.Release|Any CPU.ActiveCfg = Release|Any CPU
		{2AE604A4-2367-4404-B64B-932D0B756269}.Release|Any CPU.Build.0 = Release|Any CPU
		{6C5F9284-3950-4B0B-A158-69711809C916}.Debug|Any CPU.ActiveCfg = Debug|Any CPU
		{6C5F9284-3950-4B0B-A158-69711809C916}.Debug|Any CPU.Build.0 = Debug|Any CPU
		{6C5F9284-3950-4B0B-A158-69711809C916}.Release|Any CPU.ActiveCfg = Release|Any CPU
		{6C5F9284-3950-4B0B-A158-69711809C916}.Release|Any CPU.Build.0 = Release|Any CPU
		{03745606-487E-4A78-91FF-2B1F784CF624}.Debug|Any CPU.ActiveCfg = Debug|Any CPU
		{03745606-487E-4A78-91FF-2B1F784CF624}.Debug|Any CPU.Build.0 = Debug|Any CPU
		{03745606-487E-4A78-91FF-2B1F784CF624}.Release|Any CPU.ActiveCfg = Release|Any CPU
		{03745606-487E-4A78-91FF-2B1F784CF624}.Release|Any CPU.Build.0 = Release|Any CPU
		{ED7E448F-FD9D-463B-ABE5-3A03CC657DC7}.Debug|Any CPU.ActiveCfg = Debug|Any CPU
		{ED7E448F-FD9D-463B-ABE5-3A03CC657DC7}.Debug|Any CPU.Build.0 = Debug|Any CPU
		{ED7E448F-FD9D-463B-ABE5-3A03CC657DC7}.Release|Any CPU.ActiveCfg = Release|Any CPU
		{ED7E448F-FD9D-463B-ABE5-3A03CC657DC7}.Release|Any CPU.Build.0 = Release|Any CPU
		{3FB18735-723C-400D-8676-9F4DB6AE3629}.Debug|Any CPU.ActiveCfg = Debug|Any CPU
		{3FB18735-723C-400D-8676-9F4DB6AE3629}.Debug|Any CPU.Build.0 = Debug|Any CPU
		{3FB18735-723C-400D-8676-9F4DB6AE3629}.Release|Any CPU.ActiveCfg = Release|Any CPU
		{3FB18735-723C-400D-8676-9F4DB6AE3629}.Release|Any CPU.Build.0 = Release|Any CPU
		{66861F56-A000-4597-8BEA-410E37C4514C}.Debug|Any CPU.ActiveCfg = Debug|Any CPU
		{66861F56-A000-4597-8BEA-410E37C4514C}.Debug|Any CPU.Build.0 = Debug|Any CPU
		{66861F56-A000-4597-8BEA-410E37C4514C}.Release|Any CPU.ActiveCfg = Release|Any CPU
		{66861F56-A000-4597-8BEA-410E37C4514C}.Release|Any CPU.Build.0 = Release|Any CPU
		{CB757F29-2E84-4D73-9DDA-6E7ED9BA3356}.Debug|Any CPU.ActiveCfg = Debug|Any CPU
		{CB757F29-2E84-4D73-9DDA-6E7ED9BA3356}.Debug|Any CPU.Build.0 = Debug|Any CPU
		{CB757F29-2E84-4D73-9DDA-6E7ED9BA3356}.Release|Any CPU.ActiveCfg = Release|Any CPU
		{CB757F29-2E84-4D73-9DDA-6E7ED9BA3356}.Release|Any CPU.Build.0 = Release|Any CPU
		{062001B1-939B-4C66-860F-90AA3AAE0D17}.Debug|Any CPU.ActiveCfg = Debug|Any CPU
		{062001B1-939B-4C66-860F-90AA3AAE0D17}.Debug|Any CPU.Build.0 = Debug|Any CPU
		{062001B1-939B-4C66-860F-90AA3AAE0D17}.Release|Any CPU.ActiveCfg = Release|Any CPU
		{062001B1-939B-4C66-860F-90AA3AAE0D17}.Release|Any CPU.Build.0 = Release|Any CPU
		{8270FBBB-731E-4DB2-85E5-D8414FFAEB37}.Debug|Any CPU.ActiveCfg = Debug|Any CPU
		{8270FBBB-731E-4DB2-85E5-D8414FFAEB37}.Debug|Any CPU.Build.0 = Debug|Any CPU
		{8270FBBB-731E-4DB2-85E5-D8414FFAEB37}.Release|Any CPU.ActiveCfg = Release|Any CPU
		{8270FBBB-731E-4DB2-85E5-D8414FFAEB37}.Release|Any CPU.Build.0 = Release|Any CPU
		{1FCBF73B-2181-41A3-BF7D-F7944DB62690}.Debug|Any CPU.ActiveCfg = Debug|Any CPU
		{1FCBF73B-2181-41A3-BF7D-F7944DB62690}.Debug|Any CPU.Build.0 = Debug|Any CPU
		{1FCBF73B-2181-41A3-BF7D-F7944DB62690}.Release|Any CPU.ActiveCfg = Release|Any CPU
		{1FCBF73B-2181-41A3-BF7D-F7944DB62690}.Release|Any CPU.Build.0 = Release|Any CPU
		{820FAE7C-0707-4338-89E4-5AAABD998312}.Debug|Any CPU.ActiveCfg = Debug|Any CPU
		{820FAE7C-0707-4338-89E4-5AAABD998312}.Debug|Any CPU.Build.0 = Debug|Any CPU
		{820FAE7C-0707-4338-89E4-5AAABD998312}.Release|Any CPU.ActiveCfg = Release|Any CPU
		{820FAE7C-0707-4338-89E4-5AAABD998312}.Release|Any CPU.Build.0 = Release|Any CPU
		{37424290-E66A-4CDD-80CE-B74A4EEC9B5F}.Debug|Any CPU.ActiveCfg = Debug|Any CPU
		{37424290-E66A-4CDD-80CE-B74A4EEC9B5F}.Debug|Any CPU.Build.0 = Debug|Any CPU
		{37424290-E66A-4CDD-80CE-B74A4EEC9B5F}.Release|Any CPU.ActiveCfg = Release|Any CPU
		{37424290-E66A-4CDD-80CE-B74A4EEC9B5F}.Release|Any CPU.Build.0 = Release|Any CPU
	EndGlobalSection
	GlobalSection(SolutionProperties) = preSolution
		HideSolutionNode = FALSE
	EndGlobalSection
	GlobalSection(ExtensibilityGlobals) = postSolution
		SolutionGuid = {E3D60775-D332-4940-BA0B-860098585241}
	EndGlobalSection
EndGlobal
