
Microsoft Visual Studio Solution File, Format Version 12.00
# Visual Studio Version 17
VisualStudioVersion = 17.3.32922.545
MinimumVisualStudioVersion = 10.0.40219.1
Project("{9A19103F-16F7-4668-BE54-9A1E7A4F7556}") = "443A", "443A\443A.csproj", "{C4510060-5D35-4BAC-8668-8729A62090DE}"
EndProject
Project("{9A19103F-16F7-4668-BE54-9A1E7A4F7556}") = "112A", "112A\112A.csproj", "{CD84DAE0-ADF8-4635-94E5-7A7596C9F070}"
EndProject
Project("{9A19103F-16F7-4668-BE54-9A1E7A4F7556}") = "996A", "996A\996A.csproj", "{A412608F-F6B8-4CD6-81E5-09C7F3588099}"
EndProject
Project("{9A19103F-16F7-4668-BE54-9A1E7A4F7556}") = "1154A", "1154A\1154A.csproj", "{1048AE56-265A-4D12-BD2A-E6F643FE493A}"
EndProject
Project("{9A19103F-16F7-4668-BE54-9A1E7A4F7556}") = "116A", "116A\116A.csproj", "{5EF89EEF-AA38-4444-9DA5-248BF94E4E02}"
EndProject
Project("{9A19103F-16F7-4668-BE54-9A1E7A4F7556}") = "1328A", "1328A\1328A.csproj", "{27693840-1804-4A86-9040-227E265783D1}"
EndProject
Project("{9A19103F-16F7-4668-BE54-9A1E7A4F7556}") = "1335A", "1335A\1335A.csproj", "{D7B16287-0805-432C-8C72-999789AE0614}"
EndProject
Project("{9A19103F-16F7-4668-BE54-9A1E7A4F7556}") = "1343B", "1343B\1343B.csproj", "{7FEEE63F-FF6E-429A-983B-70EC4DD17655}"
EndProject
Project("{FAE04EC0-301F-11D3-BF4B-00C04F79EFBC}") = "1352A", "1352A\1352A.csproj", "{830BC78B-2AA0-47D3-A8C5-8938D1B76175}"
EndProject
Global
	GlobalSection(SolutionConfigurationPlatforms) = preSolution
		Debug|Any CPU = Debug|Any CPU
		Release|Any CPU = Release|Any CPU
	EndGlobalSection
	GlobalSection(ProjectConfigurationPlatforms) = postSolution
		{C4510060-5D35-4BAC-8668-8729A62090DE}.Debug|Any CPU.ActiveCfg = Debug|Any CPU
		{C4510060-5D35-4BAC-8668-8729A62090DE}.Debug|Any CPU.Build.0 = Debug|Any CPU
		{C4510060-5D35-4BAC-8668-8729A62090DE}.Release|Any CPU.ActiveCfg = Release|Any CPU
		{C4510060-5D35-4BAC-8668-8729A62090DE}.Release|Any CPU.Build.0 = Release|Any CPU
		{CD84DAE0-ADF8-4635-94E5-7A7596C9F070}.Debug|Any CPU.ActiveCfg = Debug|Any CPU
		{CD84DAE0-ADF8-4635-94E5-7A7596C9F070}.Debug|Any CPU.Build.0 = Debug|Any CPU
		{CD84DAE0-ADF8-4635-94E5-7A7596C9F070}.Release|Any CPU.ActiveCfg = Release|Any CPU
		{CD84DAE0-ADF8-4635-94E5-7A7596C9F070}.Release|Any CPU.Build.0 = Release|Any CPU
		{A412608F-F6B8-4CD6-81E5-09C7F3588099}.Debug|Any CPU.ActiveCfg = Debug|Any CPU
		{A412608F-F6B8-4CD6-81E5-09C7F3588099}.Debug|Any CPU.Build.0 = Debug|Any CPU
		{A412608F-F6B8-4CD6-81E5-09C7F3588099}.Release|Any CPU.ActiveCfg = Release|Any CPU
		{A412608F-F6B8-4CD6-81E5-09C7F3588099}.Release|Any CPU.Build.0 = Release|Any CPU
		{1048AE56-265A-4D12-BD2A-E6F643FE493A}.Debug|Any CPU.ActiveCfg = Debug|Any CPU
		{1048AE56-265A-4D12-BD2A-E6F643FE493A}.Debug|Any CPU.Build.0 = Debug|Any CPU
		{1048AE56-265A-4D12-BD2A-E6F643FE493A}.Release|Any CPU.ActiveCfg = Release|Any CPU
		{1048AE56-265A-4D12-BD2A-E6F643FE493A}.Release|Any CPU.Build.0 = Release|Any CPU
		{5EF89EEF-AA38-4444-9DA5-248BF94E4E02}.Debug|Any CPU.ActiveCfg = Debug|Any CPU
		{5EF89EEF-AA38-4444-9DA5-248BF94E4E02}.Debug|Any CPU.Build.0 = Debug|Any CPU
		{5EF89EEF-AA38-4444-9DA5-248BF94E4E02}.Release|Any CPU.ActiveCfg = Release|Any CPU
		{5EF89EEF-AA38-4444-9DA5-248BF94E4E02}.Release|Any CPU.Build.0 = Release|Any CPU
		{27693840-1804-4A86-9040-227E265783D1}.Debug|Any CPU.ActiveCfg = Debug|Any CPU
		{27693840-1804-4A86-9040-227E265783D1}.Debug|Any CPU.Build.0 = Debug|Any CPU
		{27693840-1804-4A86-9040-227E265783D1}.Release|Any CPU.ActiveCfg = Release|Any CPU
		{27693840-1804-4A86-9040-227E265783D1}.Release|Any CPU.Build.0 = Release|Any CPU
		{D7B16287-0805-432C-8C72-999789AE0614}.Debug|Any CPU.ActiveCfg = Debug|Any CPU
		{D7B16287-0805-432C-8C72-999789AE0614}.Debug|Any CPU.Build.0 = Debug|Any CPU
		{D7B16287-0805-432C-8C72-999789AE0614}.Release|Any CPU.ActiveCfg = Release|Any CPU
		{D7B16287-0805-432C-8C72-999789AE0614}.Release|Any CPU.Build.0 = Release|Any CPU
		{7FEEE63F-FF6E-429A-983B-70EC4DD17655}.Debug|Any CPU.ActiveCfg = Debug|Any CPU
		{7FEEE63F-FF6E-429A-983B-70EC4DD17655}.Debug|Any CPU.Build.0 = Debug|Any CPU
		{7FEEE63F-FF6E-429A-983B-70EC4DD17655}.Release|Any CPU.ActiveCfg = Release|Any CPU
		{7FEEE63F-FF6E-429A-983B-70EC4DD17655}.Release|Any CPU.Build.0 = Release|Any CPU
		{830BC78B-2AA0-47D3-A8C5-8938D1B76175}.Debug|Any CPU.ActiveCfg = Debug|Any CPU
		{830BC78B-2AA0-47D3-A8C5-8938D1B76175}.Debug|Any CPU.Build.0 = Debug|Any CPU
		{830BC78B-2AA0-47D3-A8C5-8938D1B76175}.Release|Any CPU.ActiveCfg = Release|Any CPU
		{830BC78B-2AA0-47D3-A8C5-8938D1B76175}.Release|Any CPU.Build.0 = Release|Any CPU
	EndGlobalSection
	GlobalSection(SolutionProperties) = preSolution
		HideSolutionNode = FALSE
	EndGlobalSection
	GlobalSection(ExtensibilityGlobals) = postSolution
		SolutionGuid = {E3D60775-D332-4940-BA0B-860098585241}
	EndGlobalSection
EndGlobal
