
Microsoft Visual Studio Solution File, Format Version 12.00
# Visual Studio Version 17
VisualStudioVersion = 17.3.32922.545
MinimumVisualStudioVersion = 10.0.40219.1
Project("{9A19103F-16F7-4668-BE54-9A1E7A4F7556}") = "443A", "443A\443A.csproj", "{C4510060-5D35-4BAC-8668-8729A62090DE}"
EndProject
Project("{9A19103F-16F7-4668-BE54-9A1E7A4F7556}") = "112A", "112A\112A.csproj", "{CD84DAE0-ADF8-4635-94E5-7A7596C9F070}"
EndProject
Project("{9A19103F-16F7-4668-BE54-9A1E7A4F7556}") = "996A", "996A\996A.csproj", "{A412608F-F6B8-4CD6-81E5-09C7F3588099}"
EndProject
Project("{9A19103F-16F7-4668-BE54-9A1E7A4F7556}") = "1154A", "1154A\1154A.csproj", "{1048AE56-265A-4D12-BD2A-E6F643FE493A}"
EndProject
Project("{9A19103F-16F7-4668-BE54-9A1E7A4F7556}") = "116A", "116A\116A.csproj", "{5EF89EEF-AA38-4444-9DA5-248BF94E4E02}"
EndProject
Project("{9A19103F-16F7-4668-BE54-9A1E7A4F7556}") = "1328A", "1328A\1328A.csproj", "{27693840-1804-4A86-9040-227E265783D1}"
EndProject
Project("{9A19103F-16F7-4668-BE54-9A1E7A4F7556}") = "1335A", "1335A\1335A.csproj", "{D7B16287-0805-432C-8C72-999789AE0614}"
EndProject
Project("{9A19103F-16F7-4668-BE54-9A1E7A4F7556}") = "1343B", "1343B\1343B.csproj", "{7FEEE63F-FF6E-429A-983B-70EC4DD17655}"
EndProject
Project("{9A19103F-16F7-4668-BE54-9A1E7A4F7556}") = "1352A", "1352A\1352A.csproj", "{830BC78B-2AA0-47D3-A8C5-8938D1B76175}"
EndProject
Project("{9A19103F-16F7-4668-BE54-9A1E7A4F7556}") = "1367A", "1367A\1367A.csproj", "{245A77A7-47A8-4212-9686-E8695A252747}"
EndProject
Project("{9A19103F-16F7-4668-BE54-9A1E7A4F7556}") = "1399A", "1399A\1399A.csproj", "{8486CFE1-EF80-4152-BCB8-2B524130B039}"
EndProject
Project("{9A19103F-16F7-4668-BE54-9A1E7A4F7556}") = "144A", "144A\144A.csproj", "{B1604628-D644-41C2-BCB0-D471DA83BF69}"
EndProject
Project("{9A19103F-16F7-4668-BE54-9A1E7A4F7556}") = "148A", "148A\148A.csproj", "{5C20DC5C-8228-47F6-B4CD-FB6FE42CAE13}"
EndProject
Project("{9A19103F-16F7-4668-BE54-9A1E7A4F7556}") = "1619A", "1619A\1619A.csproj", "{2CAB6149-CCE0-41C4-AE6A-F3F9E1891E02}"
EndProject
Project("{9A19103F-16F7-4668-BE54-9A1E7A4F7556}") = "1621A", "1621A\1621A.csproj", "{3DB28D45-309F-4C68-9106-B1DCFDAC005B}"
EndProject
Project("{9A19103F-16F7-4668-BE54-9A1E7A4F7556}") = "1623A", "1623A\1623A.csproj", "{1234AE2E-9A85-4608-9037-66D75DFDCF3D}"
EndProject
Project("{9A19103F-16F7-4668-BE54-9A1E7A4F7556}") = "200B", "200B\200B.csproj", "{3FBD4BD8-316B-47F8-BA7E-34272B298A24}"
EndProject
Project("{9A19103F-16F7-4668-BE54-9A1E7A4F7556}") = "263A", "263A\263A.csproj", "{217D72C3-CFFF-43A1-A243-404F13242409}"
EndProject
Project("{9A19103F-16F7-4668-BE54-9A1E7A4F7556}") = "266A", "266A\266A.csproj", "{74A69333-2708-4323-8F53-8CE1E080BB6C}"
EndProject
Project("{9A19103F-16F7-4668-BE54-9A1E7A4F7556}") = "268A", "268A\268A.csproj", "{89714833-B1B1-4B00-BBE5-9AA5D7B00BE0}"
EndProject
Project("{9A19103F-16F7-4668-BE54-9A1E7A4F7556}") = "472A", "472A\472A.csproj", "{C7536146-B8E2-4786-AA17-E8E5DE8AC289}"
EndProject
Project("{9A19103F-16F7-4668-BE54-9A1E7A4F7556}") = "432A", "432A\432A.csproj", "{1FD19FD9-9854-49A7-BBBE-1AE8D65786D9}"
EndProject
Project("{9A19103F-16F7-4668-BE54-9A1E7A4F7556}") = "427A", "427A\427A.csproj", "{726485D1-50D0-430A-A8EA-99BD91D6A6F2}"
EndProject
Project("{9A19103F-16F7-4668-BE54-9A1E7A4F7556}") = "339A", "339A\339A.csproj", "{1811CEB1-218E-4218-9986-574630F6231A}"
EndProject
Project("{9A19103F-16F7-4668-BE54-9A1E7A4F7556}") = "271A", "271A\271A.csproj", "{E66A5A26-A898-4F7A-ABAE-D2021CBCAF41}"
EndProject
Project("{9A19103F-16F7-4668-BE54-9A1E7A4F7556}") = "469A", "469A\469A.csproj", "{352FBEC8-F8DD-4C83-BADF-5F56C60D4DBA}"
EndProject
Project("{9A19103F-16F7-4668-BE54-9A1E7A4F7556}") = "59A", "59A\59A.csproj", "{E7B6BC06-0087-45CA-9810-283312DE58CE}"
EndProject
Project("{9A19103F-16F7-4668-BE54-9A1E7A4F7556}") = "58A", "58A\58A.csproj", "{3EEC732D-317E-44D2-9B2E-BB724499A247}"
EndProject
Project("{FAE04EC0-301F-11D3-BF4B-00C04F79EFBC}") = "510A", "510A\510A.csproj", "{BE5ED951-B4CA-4E03-9DFD-331A9B0550CF}"
EndProject
Project("{FAE04EC0-301F-11D3-BF4B-00C04F79EFBC}") = "50A", "50A\50A.csproj", "{64D67F19-0EB3-439D-BA93-6579EF9BDEE2}"
EndProject
Project("{FAE04EC0-301F-11D3-BF4B-00C04F79EFBC}") = "486A", "486A\486A.csproj", "{9B5B5CC2-2514-480C-9A82-F9425FEA4872}"
EndProject
Global
	GlobalSection(SolutionConfigurationPlatforms) = preSolution
		Debug|Any CPU = Debug|Any CPU
		Release|Any CPU = Release|Any CPU
	EndGlobalSection
	GlobalSection(ProjectConfigurationPlatforms) = postSolution
		{C4510060-5D35-4BAC-8668-8729A62090DE}.Debug|Any CPU.ActiveCfg = Debug|Any CPU
		{C4510060-5D35-4BAC-8668-8729A62090DE}.Debug|Any CPU.Build.0 = Debug|Any CPU
		{C4510060-5D35-4BAC-8668-8729A62090DE}.Release|Any CPU.ActiveCfg = Release|Any CPU
		{C4510060-5D35-4BAC-8668-8729A62090DE}.Release|Any CPU.Build.0 = Release|Any CPU
		{CD84DAE0-ADF8-4635-94E5-7A7596C9F070}.Debug|Any CPU.ActiveCfg = Debug|Any CPU
		{CD84DAE0-ADF8-4635-94E5-7A7596C9F070}.Debug|Any CPU.Build.0 = Debug|Any CPU
		{CD84DAE0-ADF8-4635-94E5-7A7596C9F070}.Release|Any CPU.ActiveCfg = Release|Any CPU
		{CD84DAE0-ADF8-4635-94E5-7A7596C9F070}.Release|Any CPU.Build.0 = Release|Any CPU
		{A412608F-F6B8-4CD6-81E5-09C7F3588099}.Debug|Any CPU.ActiveCfg = Debug|Any CPU
		{A412608F-F6B8-4CD6-81E5-09C7F3588099}.Debug|Any CPU.Build.0 = Debug|Any CPU
		{A412608F-F6B8-4CD6-81E5-09C7F3588099}.Release|Any CPU.ActiveCfg = Release|Any CPU
		{A412608F-F6B8-4CD6-81E5-09C7F3588099}.Release|Any CPU.Build.0 = Release|Any CPU
		{1048AE56-265A-4D12-BD2A-E6F643FE493A}.Debug|Any CPU.ActiveCfg = Debug|Any CPU
		{1048AE56-265A-4D12-BD2A-E6F643FE493A}.Debug|Any CPU.Build.0 = Debug|Any CPU
		{1048AE56-265A-4D12-BD2A-E6F643FE493A}.Release|Any CPU.ActiveCfg = Release|Any CPU
		{1048AE56-265A-4D12-BD2A-E6F643FE493A}.Release|Any CPU.Build.0 = Release|Any CPU
		{5EF89EEF-AA38-4444-9DA5-248BF94E4E02}.Debug|Any CPU.ActiveCfg = Debug|Any CPU
		{5EF89EEF-AA38-4444-9DA5-248BF94E4E02}.Debug|Any CPU.Build.0 = Debug|Any CPU
		{5EF89EEF-AA38-4444-9DA5-248BF94E4E02}.Release|Any CPU.ActiveCfg = Release|Any CPU
		{5EF89EEF-AA38-4444-9DA5-248BF94E4E02}.Release|Any CPU.Build.0 = Release|Any CPU
		{27693840-1804-4A86-9040-227E265783D1}.Debug|Any CPU.ActiveCfg = Debug|Any CPU
		{27693840-1804-4A86-9040-227E265783D1}.Debug|Any CPU.Build.0 = Debug|Any CPU
		{27693840-1804-4A86-9040-227E265783D1}.Release|Any CPU.ActiveCfg = Release|Any CPU
		{27693840-1804-4A86-9040-227E265783D1}.Release|Any CPU.Build.0 = Release|Any CPU
		{D7B16287-0805-432C-8C72-999789AE0614}.Debug|Any CPU.ActiveCfg = Debug|Any CPU
		{D7B16287-0805-432C-8C72-999789AE0614}.Debug|Any CPU.Build.0 = Debug|Any CPU
		{D7B16287-0805-432C-8C72-999789AE0614}.Release|Any CPU.ActiveCfg = Release|Any CPU
		{D7B16287-0805-432C-8C72-999789AE0614}.Release|Any CPU.Build.0 = Release|Any CPU
		{7FEEE63F-FF6E-429A-983B-70EC4DD17655}.Debug|Any CPU.ActiveCfg = Debug|Any CPU
		{7FEEE63F-FF6E-429A-983B-70EC4DD17655}.Debug|Any CPU.Build.0 = Debug|Any CPU
		{7FEEE63F-FF6E-429A-983B-70EC4DD17655}.Release|Any CPU.ActiveCfg = Release|Any CPU
		{7FEEE63F-FF6E-429A-983B-70EC4DD17655}.Release|Any CPU.Build.0 = Release|Any CPU
		{830BC78B-2AA0-47D3-A8C5-8938D1B76175}.Debug|Any CPU.ActiveCfg = Debug|Any CPU
		{830BC78B-2AA0-47D3-A8C5-8938D1B76175}.Debug|Any CPU.Build.0 = Debug|Any CPU
		{830BC78B-2AA0-47D3-A8C5-8938D1B76175}.Release|Any CPU.ActiveCfg = Release|Any CPU
		{830BC78B-2AA0-47D3-A8C5-8938D1B76175}.Release|Any CPU.Build.0 = Release|Any CPU
		{245A77A7-47A8-4212-9686-E8695A252747}.Debug|Any CPU.ActiveCfg = Debug|Any CPU
		{245A77A7-47A8-4212-9686-E8695A252747}.Debug|Any CPU.Build.0 = Debug|Any CPU
		{245A77A7-47A8-4212-9686-E8695A252747}.Release|Any CPU.ActiveCfg = Release|Any CPU
		{245A77A7-47A8-4212-9686-E8695A252747}.Release|Any CPU.Build.0 = Release|Any CPU
		{8486CFE1-EF80-4152-BCB8-2B524130B039}.Debug|Any CPU.ActiveCfg = Debug|Any CPU
		{8486CFE1-EF80-4152-BCB8-2B524130B039}.Debug|Any CPU.Build.0 = Debug|Any CPU
		{8486CFE1-EF80-4152-BCB8-2B524130B039}.Release|Any CPU.ActiveCfg = Release|Any CPU
		{8486CFE1-EF80-4152-BCB8-2B524130B039}.Release|Any CPU.Build.0 = Release|Any CPU
		{B1604628-D644-41C2-BCB0-D471DA83BF69}.Debug|Any CPU.ActiveCfg = Debug|Any CPU
		{B1604628-D644-41C2-BCB0-D471DA83BF69}.Debug|Any CPU.Build.0 = Debug|Any CPU
		{B1604628-D644-41C2-BCB0-D471DA83BF69}.Release|Any CPU.ActiveCfg = Release|Any CPU
		{B1604628-D644-41C2-BCB0-D471DA83BF69}.Release|Any CPU.Build.0 = Release|Any CPU
		{5C20DC5C-8228-47F6-B4CD-FB6FE42CAE13}.Debug|Any CPU.ActiveCfg = Debug|Any CPU
		{5C20DC5C-8228-47F6-B4CD-FB6FE42CAE13}.Debug|Any CPU.Build.0 = Debug|Any CPU
		{5C20DC5C-8228-47F6-B4CD-FB6FE42CAE13}.Release|Any CPU.ActiveCfg = Release|Any CPU
		{5C20DC5C-8228-47F6-B4CD-FB6FE42CAE13}.Release|Any CPU.Build.0 = Release|Any CPU
		{2CAB6149-CCE0-41C4-AE6A-F3F9E1891E02}.Debug|Any CPU.ActiveCfg = Debug|Any CPU
		{2CAB6149-CCE0-41C4-AE6A-F3F9E1891E02}.Debug|Any CPU.Build.0 = Debug|Any CPU
		{2CAB6149-CCE0-41C4-AE6A-F3F9E1891E02}.Release|Any CPU.ActiveCfg = Release|Any CPU
		{2CAB6149-CCE0-41C4-AE6A-F3F9E1891E02}.Release|Any CPU.Build.0 = Release|Any CPU
		{3DB28D45-309F-4C68-9106-B1DCFDAC005B}.Debug|Any CPU.ActiveCfg = Debug|Any CPU
		{3DB28D45-309F-4C68-9106-B1DCFDAC005B}.Debug|Any CPU.Build.0 = Debug|Any CPU
		{3DB28D45-309F-4C68-9106-B1DCFDAC005B}.Release|Any CPU.ActiveCfg = Release|Any CPU
		{3DB28D45-309F-4C68-9106-B1DCFDAC005B}.Release|Any CPU.Build.0 = Release|Any CPU
		{1234AE2E-9A85-4608-9037-66D75DFDCF3D}.Debug|Any CPU.ActiveCfg = Debug|Any CPU
		{1234AE2E-9A85-4608-9037-66D75DFDCF3D}.Debug|Any CPU.Build.0 = Debug|Any CPU
		{1234AE2E-9A85-4608-9037-66D75DFDCF3D}.Release|Any CPU.ActiveCfg = Release|Any CPU
		{1234AE2E-9A85-4608-9037-66D75DFDCF3D}.Release|Any CPU.Build.0 = Release|Any CPU
		{3FBD4BD8-316B-47F8-BA7E-34272B298A24}.Debug|Any CPU.ActiveCfg = Debug|Any CPU
		{3FBD4BD8-316B-47F8-BA7E-34272B298A24}.Debug|Any CPU.Build.0 = Debug|Any CPU
		{3FBD4BD8-316B-47F8-BA7E-34272B298A24}.Release|Any CPU.ActiveCfg = Release|Any CPU
		{3FBD4BD8-316B-47F8-BA7E-34272B298A24}.Release|Any CPU.Build.0 = Release|Any CPU
		{217D72C3-CFFF-43A1-A243-404F13242409}.Debug|Any CPU.ActiveCfg = Debug|Any CPU
		{217D72C3-CFFF-43A1-A243-404F13242409}.Debug|Any CPU.Build.0 = Debug|Any CPU
		{217D72C3-CFFF-43A1-A243-404F13242409}.Release|Any CPU.ActiveCfg = Release|Any CPU
		{217D72C3-CFFF-43A1-A243-404F13242409}.Release|Any CPU.Build.0 = Release|Any CPU
		{74A69333-2708-4323-8F53-8CE1E080BB6C}.Debug|Any CPU.ActiveCfg = Debug|Any CPU
		{74A69333-2708-4323-8F53-8CE1E080BB6C}.Debug|Any CPU.Build.0 = Debug|Any CPU
		{74A69333-2708-4323-8F53-8CE1E080BB6C}.Release|Any CPU.ActiveCfg = Release|Any CPU
		{74A69333-2708-4323-8F53-8CE1E080BB6C}.Release|Any CPU.Build.0 = Release|Any CPU
		{89714833-B1B1-4B00-BBE5-9AA5D7B00BE0}.Debug|Any CPU.ActiveCfg = Debug|Any CPU
		{89714833-B1B1-4B00-BBE5-9AA5D7B00BE0}.Debug|Any CPU.Build.0 = Debug|Any CPU
		{89714833-B1B1-4B00-BBE5-9AA5D7B00BE0}.Release|Any CPU.ActiveCfg = Release|Any CPU
		{89714833-B1B1-4B00-BBE5-9AA5D7B00BE0}.Release|Any CPU.Build.0 = Release|Any CPU
		{C7536146-B8E2-4786-AA17-E8E5DE8AC289}.Debug|Any CPU.ActiveCfg = Debug|Any CPU
		{C7536146-B8E2-4786-AA17-E8E5DE8AC289}.Debug|Any CPU.Build.0 = Debug|Any CPU
		{C7536146-B8E2-4786-AA17-E8E5DE8AC289}.Release|Any CPU.ActiveCfg = Release|Any CPU
		{C7536146-B8E2-4786-AA17-E8E5DE8AC289}.Release|Any CPU.Build.0 = Release|Any CPU
		{1FD19FD9-9854-49A7-BBBE-1AE8D65786D9}.Debug|Any CPU.ActiveCfg = Debug|Any CPU
		{1FD19FD9-9854-49A7-BBBE-1AE8D65786D9}.Debug|Any CPU.Build.0 = Debug|Any CPU
		{1FD19FD9-9854-49A7-BBBE-1AE8D65786D9}.Release|Any CPU.ActiveCfg = Release|Any CPU
		{1FD19FD9-9854-49A7-BBBE-1AE8D65786D9}.Release|Any CPU.Build.0 = Release|Any CPU
		{726485D1-50D0-430A-A8EA-99BD91D6A6F2}.Debug|Any CPU.ActiveCfg = Debug|Any CPU
		{726485D1-50D0-430A-A8EA-99BD91D6A6F2}.Debug|Any CPU.Build.0 = Debug|Any CPU
		{726485D1-50D0-430A-A8EA-99BD91D6A6F2}.Release|Any CPU.ActiveCfg = Release|Any CPU
		{726485D1-50D0-430A-A8EA-99BD91D6A6F2}.Release|Any CPU.Build.0 = Release|Any CPU
		{1811CEB1-218E-4218-9986-574630F6231A}.Debug|Any CPU.ActiveCfg = Debug|Any CPU
		{1811CEB1-218E-4218-9986-574630F6231A}.Debug|Any CPU.Build.0 = Debug|Any CPU
		{1811CEB1-218E-4218-9986-574630F6231A}.Release|Any CPU.ActiveCfg = Release|Any CPU
		{1811CEB1-218E-4218-9986-574630F6231A}.Release|Any CPU.Build.0 = Release|Any CPU
		{E66A5A26-A898-4F7A-ABAE-D2021CBCAF41}.Debug|Any CPU.ActiveCfg = Debug|Any CPU
		{E66A5A26-A898-4F7A-ABAE-D2021CBCAF41}.Debug|Any CPU.Build.0 = Debug|Any CPU
		{E66A5A26-A898-4F7A-ABAE-D2021CBCAF41}.Release|Any CPU.ActiveCfg = Release|Any CPU
		{E66A5A26-A898-4F7A-ABAE-D2021CBCAF41}.Release|Any CPU.Build.0 = Release|Any CPU
		{352FBEC8-F8DD-4C83-BADF-5F56C60D4DBA}.Debug|Any CPU.ActiveCfg = Debug|Any CPU
		{352FBEC8-F8DD-4C83-BADF-5F56C60D4DBA}.Debug|Any CPU.Build.0 = Debug|Any CPU
		{352FBEC8-F8DD-4C83-BADF-5F56C60D4DBA}.Release|Any CPU.ActiveCfg = Release|Any CPU
		{352FBEC8-F8DD-4C83-BADF-5F56C60D4DBA}.Release|Any CPU.Build.0 = Release|Any CPU
		{E7B6BC06-0087-45CA-9810-283312DE58CE}.Debug|Any CPU.ActiveCfg = Debug|Any CPU
		{E7B6BC06-0087-45CA-9810-283312DE58CE}.Debug|Any CPU.Build.0 = Debug|Any CPU
		{E7B6BC06-0087-45CA-9810-283312DE58CE}.Release|Any CPU.ActiveCfg = Release|Any CPU
		{E7B6BC06-0087-45CA-9810-283312DE58CE}.Release|Any CPU.Build.0 = Release|Any CPU
		{3EEC732D-317E-44D2-9B2E-BB724499A247}.Debug|Any CPU.ActiveCfg = Debug|Any CPU
		{3EEC732D-317E-44D2-9B2E-BB724499A247}.Debug|Any CPU.Build.0 = Debug|Any CPU
		{3EEC732D-317E-44D2-9B2E-BB724499A247}.Release|Any CPU.ActiveCfg = Release|Any CPU
		{3EEC732D-317E-44D2-9B2E-BB724499A247}.Release|Any CPU.Build.0 = Release|Any CPU
		{BE5ED951-B4CA-4E03-9DFD-331A9B0550CF}.Debug|Any CPU.ActiveCfg = Debug|Any CPU
		{BE5ED951-B4CA-4E03-9DFD-331A9B0550CF}.Debug|Any CPU.Build.0 = Debug|Any CPU
		{BE5ED951-B4CA-4E03-9DFD-331A9B0550CF}.Release|Any CPU.ActiveCfg = Release|Any CPU
		{BE5ED951-B4CA-4E03-9DFD-331A9B0550CF}.Release|Any CPU.Build.0 = Release|Any CPU
		{64D67F19-0EB3-439D-BA93-6579EF9BDEE2}.Debug|Any CPU.ActiveCfg = Debug|Any CPU
		{64D67F19-0EB3-439D-BA93-6579EF9BDEE2}.Debug|Any CPU.Build.0 = Debug|Any CPU
		{64D67F19-0EB3-439D-BA93-6579EF9BDEE2}.Release|Any CPU.ActiveCfg = Release|Any CPU
		{64D67F19-0EB3-439D-BA93-6579EF9BDEE2}.Release|Any CPU.Build.0 = Release|Any CPU
		{9B5B5CC2-2514-480C-9A82-F9425FEA4872}.Debug|Any CPU.ActiveCfg = Debug|Any CPU
		{9B5B5CC2-2514-480C-9A82-F9425FEA4872}.Debug|Any CPU.Build.0 = Debug|Any CPU
		{9B5B5CC2-2514-480C-9A82-F9425FEA4872}.Release|Any CPU.ActiveCfg = Release|Any CPU
		{9B5B5CC2-2514-480C-9A82-F9425FEA4872}.Release|Any CPU.Build.0 = Release|Any CPU
	EndGlobalSection
	GlobalSection(SolutionProperties) = preSolution
		HideSolutionNode = FALSE
	EndGlobalSection
	GlobalSection(ExtensibilityGlobals) = postSolution
		SolutionGuid = {E3D60775-D332-4940-BA0B-860098585241}
	EndGlobalSection
EndGlobal
