
Microsoft Visual Studio Solution File, Format Version 12.00
# Visual Studio Version 17
VisualStudioVersion = 17.4.33103.184
MinimumVisualStudioVersion = 10.0.40219.1
Project("{FAE04EC0-301F-11D3-BF4B-00C04F79EFBC}") = "ADO", "ADO\ADO.csproj", "{B3357EF7-C87F-47F5-B45A-927B9CF2CD57}"
EndProject
Global
	GlobalSection(SolutionConfigurationPlatforms) = preSolution
		Debug|Any CPU = Debug|Any CPU
		Release|Any CPU = Release|Any CPU
	EndGlobalSection
	GlobalSection(ProjectConfigurationPlatforms) = postSolution
		{B3357EF7-C87F-47F5-B45A-927B9CF2CD57}.Debug|Any CPU.ActiveCfg = Debug|Any CPU
		{B3357EF7-C87F-47F5-B45A-927B9CF2CD57}.Debug|Any CPU.Build.0 = Debug|Any CPU
		{B3357EF7-C87F-47F5-B45A-927B9CF2CD57}.Release|Any CPU.ActiveCfg = Release|Any CPU
		{B3357EF7-C87F-47F5-B45A-927B9CF2CD57}.Release|Any CPU.Build.0 = Release|Any CPU
	EndGlobalSection
	GlobalSection(SolutionProperties) = preSolution
		HideSolutionNode = FALSE
	EndGlobalSection
	GlobalSection(ExtensibilityGlobals) = postSolution
		SolutionGuid = {B3E1A9EC-7ABE-480E-AE44-0D09FC825278}
	EndGlobalSection
EndGlobal
